
Microsoft Visual Studio Solution File, Format Version 12.00
# Visual Studio Version 17
VisualStudioVersion = 17.9.34902.65
MinimumVisualStudioVersion = 10.0.40219.1
Project("{FAE04EC0-301F-11D3-BF4B-00C04F79EFBC}") = "PhanSoApp", "PhanSoApp.csproj", "{4D3C34E3-52E5-4DC7-A018-F9E92A2C6508}"
EndProject
Global
	GlobalSection(SolutionConfigurationPlatforms) = preSolution
		Debug|Any CPU = Debug|Any CPU
		Release|Any CPU = Release|Any CPU
	EndGlobalSection
	GlobalSection(ProjectConfigurationPlatforms) = postSolution
		{4D3C34E3-52E5-4DC7-A018-F9E92A2C6508}.Debug|Any CPU.ActiveCfg = Debug|Any CPU
		{4D3C34E3-52E5-4DC7-A018-F9E92A2C6508}.Debug|Any CPU.Build.0 = Debug|Any CPU
		{4D3C34E3-52E5-4DC7-A018-F9E92A2C6508}.Release|Any CPU.ActiveCfg = Release|Any CPU
		{4D3C34E3-52E5-4DC7-A018-F9E92A2C6508}.Release|Any CPU.Build.0 = Release|Any CPU
	EndGlobalSection
	GlobalSection(SolutionProperties) = preSolution
		HideSolutionNode = FALSE
	EndGlobalSection
	GlobalSection(ExtensibilityGlobals) = postSolution
		SolutionGuid = {50E00565-5B2C-44CA-935A-0BA647445DD0}
	EndGlobalSection
EndGlobal
